// !$*UTF8*$!
{
	archiveVersion = 1;
	classes = {
	};
	objectVersion = 51;
	objects = {

/* Begin PBXBuildFile section */
		0438DD434733B663E948AA9B /* Pods_iMusic.framework in Frameworks */ = {isa = PBXBuildFile; fileRef = E0C79924457C002405530A81 /* Pods_iMusic.framework */; };
		E002FA1824C647C400C7D8C9 /* SearchResponse.swift in Sources */ = {isa = PBXBuildFile; fileRef = E002FA1724C647C400C7D8C9 /* SearchResponse.swift */; };
		E002FA1A24C6543D00C7D8C9 /* NetworkService.swift in Sources */ = {isa = PBXBuildFile; fileRef = E002FA1924C6543D00C7D8C9 /* NetworkService.swift */; };
		E062ECA524C39971003EBAC3 /* AppDelegate.swift in Sources */ = {isa = PBXBuildFile; fileRef = E062ECA424C39971003EBAC3 /* AppDelegate.swift */; };
		E062ECA724C39971003EBAC3 /* SceneDelegate.swift in Sources */ = {isa = PBXBuildFile; fileRef = E062ECA624C39971003EBAC3 /* SceneDelegate.swift */; };
		E062ECA924C39971003EBAC3 /* ViewController.swift in Sources */ = {isa = PBXBuildFile; fileRef = E062ECA824C39971003EBAC3 /* ViewController.swift */; };
		E062ECAC24C39971003EBAC3 /* Main.storyboard in Resources */ = {isa = PBXBuildFile; fileRef = E062ECAA24C39971003EBAC3 /* Main.storyboard */; };
		E062ECAE24C39973003EBAC3 /* Assets.xcassets in Resources */ = {isa = PBXBuildFile; fileRef = E062ECAD24C39973003EBAC3 /* Assets.xcassets */; };
		E062ECB124C39973003EBAC3 /* LaunchScreen.storyboard in Resources */ = {isa = PBXBuildFile; fileRef = E062ECAF24C39973003EBAC3 /* LaunchScreen.storyboard */; };
		E062ECB924C39A1D003EBAC3 /* MainTabBarController.swift in Sources */ = {isa = PBXBuildFile; fileRef = E062ECB824C39A1D003EBAC3 /* MainTabBarController.swift */; };
		E062ECBB24C39C1F003EBAC3 /* SearchMusicViewController.swift in Sources */ = {isa = PBXBuildFile; fileRef = E062ECBA24C39C1F003EBAC3 /* SearchMusicViewController.swift */; };
		E092C33E24C7A121003E5E5C /* SearchPresenter.swift in Sources */ = {isa = PBXBuildFile; fileRef = E092C33724C7A121003E5E5C /* SearchPresenter.swift */; };
		E092C33F24C7A121003E5E5C /* SearchWorker.swift in Sources */ = {isa = PBXBuildFile; fileRef = E092C33824C7A121003E5E5C /* SearchWorker.swift */; };
		E092C34024C7A121003E5E5C /* SearchRouter.swift in Sources */ = {isa = PBXBuildFile; fileRef = E092C33924C7A121003E5E5C /* SearchRouter.swift */; };
		E092C34124C7A121003E5E5C /* SearchModels.swift in Sources */ = {isa = PBXBuildFile; fileRef = E092C33A24C7A121003E5E5C /* SearchModels.swift */; };
		E092C34224C7A121003E5E5C /* SearchViewController.swift in Sources */ = {isa = PBXBuildFile; fileRef = E092C33B24C7A121003E5E5C /* SearchViewController.swift */; };
		E092C34324C7A121003E5E5C /* SearchInteractor.swift in Sources */ = {isa = PBXBuildFile; fileRef = E092C33C24C7A121003E5E5C /* SearchInteractor.swift */; };
		E092C34624C7A232003E5E5C /* SearchViewController.storyboard in Resources */ = {isa = PBXBuildFile; fileRef = E092C34524C7A232003E5E5C /* SearchViewController.storyboard */; };
		E092C34824C7A59A003E5E5C /* UIViewController + Storyboard.swift in Sources */ = {isa = PBXBuildFile; fileRef = E092C34724C7A59A003E5E5C /* UIViewController + Storyboard.swift */; };
		E092C34C24CE3238003E5E5C /* TrackCell.xib in Resources */ = {isa = PBXBuildFile; fileRef = E092C34B24CE3238003E5E5C /* TrackCell.xib */; };
		E092C34E24CE3278003E5E5C /* TrackCell.swift in Sources */ = {isa = PBXBuildFile; fileRef = E092C34D24CE3278003E5E5C /* TrackCell.swift */; };
/* End PBXBuildFile section */

/* Begin PBXFileReference section */
		23A06118634161ADDCF60FA8 /* Pods-iMusic.debug.xcconfig */ = {isa = PBXFileReference; includeInIndex = 1; lastKnownFileType = text.xcconfig; name = "Pods-iMusic.debug.xcconfig"; path = "Target Support Files/Pods-iMusic/Pods-iMusic.debug.xcconfig"; sourceTree = "<group>"; };
		CB1027FFB54924B576AFF04F /* Pods-iMusic.release.xcconfig */ = {isa = PBXFileReference; includeInIndex = 1; lastKnownFileType = text.xcconfig; name = "Pods-iMusic.release.xcconfig"; path = "Target Support Files/Pods-iMusic/Pods-iMusic.release.xcconfig"; sourceTree = "<group>"; };
		E002FA1724C647C400C7D8C9 /* SearchResponse.swift */ = {isa = PBXFileReference; lastKnownFileType = sourcecode.swift; path = SearchResponse.swift; sourceTree = "<group>"; };
		E002FA1924C6543D00C7D8C9 /* NetworkService.swift */ = {isa = PBXFileReference; lastKnownFileType = sourcecode.swift; path = NetworkService.swift; sourceTree = "<group>"; };
		E062ECA124C39971003EBAC3 /* iMusic.app */ = {isa = PBXFileReference; explicitFileType = wrapper.application; includeInIndex = 0; path = iMusic.app; sourceTree = BUILT_PRODUCTS_DIR; };
		E062ECA424C39971003EBAC3 /* AppDelegate.swift */ = {isa = PBXFileReference; lastKnownFileType = sourcecode.swift; path = AppDelegate.swift; sourceTree = "<group>"; };
		E062ECA624C39971003EBAC3 /* SceneDelegate.swift */ = {isa = PBXFileReference; lastKnownFileType = sourcecode.swift; path = SceneDelegate.swift; sourceTree = "<group>"; };
		E062ECA824C39971003EBAC3 /* ViewController.swift */ = {isa = PBXFileReference; lastKnownFileType = sourcecode.swift; path = ViewController.swift; sourceTree = "<group>"; };
		E062ECAB24C39971003EBAC3 /* Base */ = {isa = PBXFileReference; lastKnownFileType = file.storyboard; name = Base; path = Base.lproj/Main.storyboard; sourceTree = "<group>"; };
		E062ECAD24C39973003EBAC3 /* Assets.xcassets */ = {isa = PBXFileReference; lastKnownFileType = folder.assetcatalog; path = Assets.xcassets; sourceTree = "<group>"; };
		E062ECB024C39973003EBAC3 /* Base */ = {isa = PBXFileReference; lastKnownFileType = file.storyboard; name = Base; path = Base.lproj/LaunchScreen.storyboard; sourceTree = "<group>"; };
		E062ECB224C39973003EBAC3 /* Info.plist */ = {isa = PBXFileReference; lastKnownFileType = text.plist.xml; path = Info.plist; sourceTree = "<group>"; };
		E062ECB824C39A1D003EBAC3 /* MainTabBarController.swift */ = {isa = PBXFileReference; lastKnownFileType = sourcecode.swift; path = MainTabBarController.swift; sourceTree = "<group>"; };
		E062ECBA24C39C1F003EBAC3 /* SearchMusicViewController.swift */ = {isa = PBXFileReference; lastKnownFileType = sourcecode.swift; path = SearchMusicViewController.swift; sourceTree = "<group>"; };
		E092C33724C7A121003E5E5C /* SearchPresenter.swift */ = {isa = PBXFileReference; lastKnownFileType = sourcecode.swift; path = SearchPresenter.swift; sourceTree = "<group>"; };
		E092C33824C7A121003E5E5C /* SearchWorker.swift */ = {isa = PBXFileReference; lastKnownFileType = sourcecode.swift; path = SearchWorker.swift; sourceTree = "<group>"; };
		E092C33924C7A121003E5E5C /* SearchRouter.swift */ = {isa = PBXFileReference; lastKnownFileType = sourcecode.swift; path = SearchRouter.swift; sourceTree = "<group>"; };
		E092C33A24C7A121003E5E5C /* SearchModels.swift */ = {isa = PBXFileReference; lastKnownFileType = sourcecode.swift; path = SearchModels.swift; sourceTree = "<group>"; };
		E092C33B24C7A121003E5E5C /* SearchViewController.swift */ = {isa = PBXFileReference; lastKnownFileType = sourcecode.swift; path = SearchViewController.swift; sourceTree = "<group>"; };
		E092C33C24C7A121003E5E5C /* SearchInteractor.swift */ = {isa = PBXFileReference; lastKnownFileType = sourcecode.swift; path = SearchInteractor.swift; sourceTree = "<group>"; };
		E092C34524C7A232003E5E5C /* SearchViewController.storyboard */ = {isa = PBXFileReference; lastKnownFileType = file.storyboard; path = SearchViewController.storyboard; sourceTree = "<group>"; };
		E092C34724C7A59A003E5E5C /* UIViewController + Storyboard.swift */ = {isa = PBXFileReference; lastKnownFileType = sourcecode.swift; path = "UIViewController + Storyboard.swift"; sourceTree = "<group>"; };
		E092C34B24CE3238003E5E5C /* TrackCell.xib */ = {isa = PBXFileReference; lastKnownFileType = file.xib; path = TrackCell.xib; sourceTree = "<group>"; };
		E092C34D24CE3278003E5E5C /* TrackCell.swift */ = {isa = PBXFileReference; lastKnownFileType = sourcecode.swift; path = TrackCell.swift; sourceTree = "<group>"; };
		E0C79924457C002405530A81 /* Pods_iMusic.framework */ = {isa = PBXFileReference; explicitFileType = wrapper.framework; includeInIndex = 0; path = Pods_iMusic.framework; sourceTree = BUILT_PRODUCTS_DIR; };
/* End PBXFileReference section */

/* Begin PBXFrameworksBuildPhase section */
		E062EC9E24C39971003EBAC3 /* Frameworks */ = {
			isa = PBXFrameworksBuildPhase;
			buildActionMask = 2147483647;
			files = (
				0438DD434733B663E948AA9B /* Pods_iMusic.framework in Frameworks */,
			);
			runOnlyForDeploymentPostprocessing = 0;
		};
/* End PBXFrameworksBuildPhase section */

/* Begin PBXGroup section */
		05C39969A309555172FA5103 /* Pods */ = {
			isa = PBXGroup;
			children = (
				23A06118634161ADDCF60FA8 /* Pods-iMusic.debug.xcconfig */,
				CB1027FFB54924B576AFF04F /* Pods-iMusic.release.xcconfig */,
			);
			path = Pods;
			sourceTree = "<group>";
		};
		9B160BC8CD0AC4D7443698AC /* Frameworks */ = {
			isa = PBXGroup;
			children = (
				E0C79924457C002405530A81 /* Pods_iMusic.framework */,
			);
			name = Frameworks;
			sourceTree = "<group>";
		};
		E062EC9824C39971003EBAC3 = {
			isa = PBXGroup;
			children = (
				E062ECA324C39971003EBAC3 /* iMusic */,
				E062ECA224C39971003EBAC3 /* Products */,
				05C39969A309555172FA5103 /* Pods */,
				9B160BC8CD0AC4D7443698AC /* Frameworks */,
			);
			sourceTree = "<group>";
		};
		E062ECA224C39971003EBAC3 /* Products */ = {
			isa = PBXGroup;
			children = (
				E062ECA124C39971003EBAC3 /* iMusic.app */,
			);
			name = Products;
			sourceTree = "<group>";
		};
		E062ECA324C39971003EBAC3 /* iMusic */ = {
			isa = PBXGroup;
			children = (
				E062ECA424C39971003EBAC3 /* AppDelegate.swift */,
				E062ECA624C39971003EBAC3 /* SceneDelegate.swift */,
				E062ECA824C39971003EBAC3 /* ViewController.swift */,
				E062ECB824C39A1D003EBAC3 /* MainTabBarController.swift */,
				E092C34924C7A5A5003E5E5C /* Helpers */,
				E062ECBA24C39C1F003EBAC3 /* SearchMusicViewController.swift */,
				E092C33624C7A076003E5E5C /* Services */,
				E092C32624C7A010003E5E5C /* Search */,
				E062ECAA24C39971003EBAC3 /* Main.storyboard */,
				E062ECAD24C39973003EBAC3 /* Assets.xcassets */,
				E062ECAF24C39973003EBAC3 /* LaunchScreen.storyboard */,
				E062ECB224C39973003EBAC3 /* Info.plist */,
			);
			path = iMusic;
			sourceTree = "<group>";
		};
		E092C32624C7A010003E5E5C /* Search */ = {
			isa = PBXGroup;
			children = (
				E092C34A24CE3228003E5E5C /* Cell */,
				E092C34524C7A232003E5E5C /* SearchViewController.storyboard */,
				E092C33B24C7A121003E5E5C /* SearchViewController.swift */,
				E092C33C24C7A121003E5E5C /* SearchInteractor.swift */,
				E092C33724C7A121003E5E5C /* SearchPresenter.swift */,
				E092C33A24C7A121003E5E5C /* SearchModels.swift */,
				E092C33824C7A121003E5E5C /* SearchWorker.swift */,
				E092C33924C7A121003E5E5C /* SearchRouter.swift */,
			);
			path = Search;
			sourceTree = "<group>";
		};
		E092C33624C7A076003E5E5C /* Services */ = {
			isa = PBXGroup;
			children = (
				E092C34F24CE384D003E5E5C /* Models */,
				E002FA1924C6543D00C7D8C9 /* NetworkService.swift */,
			);
			path = Services;
			sourceTree = "<group>";
		};
		E092C34924C7A5A5003E5E5C /* Helpers */ = {
			isa = PBXGroup;
			children = (
				E092C34724C7A59A003E5E5C /* UIViewController + Storyboard.swift */,
			);
			path = Helpers;
			sourceTree = "<group>";
		};
		E092C34A24CE3228003E5E5C /* Cell */ = {
			isa = PBXGroup;
			children = (
				E092C34B24CE3238003E5E5C /* TrackCell.xib */,
				E092C34D24CE3278003E5E5C /* TrackCell.swift */,
			);
			path = Cell;
			sourceTree = "<group>";
		};
		E092C34F24CE384D003E5E5C /* Models */ = {
			isa = PBXGroup;
			children = (
				E002FA1724C647C400C7D8C9 /* SearchResponse.swift */,
			);
			path = Models;
			sourceTree = "<group>";
		};
/* End PBXGroup section */

/* Begin PBXNativeTarget section */
		E062ECA024C39971003EBAC3 /* iMusic */ = {
			isa = PBXNativeTarget;
			buildConfigurationList = E062ECB524C39973003EBAC3 /* Build configuration list for PBXNativeTarget "iMusic" */;
			buildPhases = (
				9522B4983C8F49655820CB37 /* [CP] Check Pods Manifest.lock */,
				E062EC9D24C39971003EBAC3 /* Sources */,
				E062EC9E24C39971003EBAC3 /* Frameworks */,
				E062EC9F24C39971003EBAC3 /* Resources */,
				48F66AD66390C12077C3A0E2 /* [CP] Embed Pods Frameworks */,
			);
			buildRules = (
			);
			dependencies = (
			);
			name = iMusic;
			productName = iMusic;
			productReference = E062ECA124C39971003EBAC3 /* iMusic.app */;
			productType = "com.apple.product-type.application";
		};
/* End PBXNativeTarget section */

/* Begin PBXProject section */
		E062EC9924C39971003EBAC3 /* Project object */ = {
			isa = PBXProject;
			attributes = {
				LastSwiftUpdateCheck = 1150;
				LastUpgradeCheck = 1150;
				ORGANIZATIONNAME = "Пятин Дмитрий";
				TargetAttributes = {
					E062ECA024C39971003EBAC3 = {
						CreatedOnToolsVersion = 11.5;
					};
				};
			};
			buildConfigurationList = E062EC9C24C39971003EBAC3 /* Build configuration list for PBXProject "iMusic" */;
			compatibilityVersion = "Xcode 9.3";
			developmentRegion = en;
			hasScannedForEncodings = 0;
			knownRegions = (
				en,
				Base,
			);
			mainGroup = E062EC9824C39971003EBAC3;
			productRefGroup = E062ECA224C39971003EBAC3 /* Products */;
			projectDirPath = "";
			projectRoot = "";
			targets = (
				E062ECA024C39971003EBAC3 /* iMusic */,
			);
		};
/* End PBXProject section */

/* Begin PBXResourcesBuildPhase section */
		E062EC9F24C39971003EBAC3 /* Resources */ = {
			isa = PBXResourcesBuildPhase;
			buildActionMask = 2147483647;
			files = (
				E062ECB124C39973003EBAC3 /* LaunchScreen.storyboard in Resources */,
				E092C34C24CE3238003E5E5C /* TrackCell.xib in Resources */,
				E062ECAE24C39973003EBAC3 /* Assets.xcassets in Resources */,
				E092C34624C7A232003E5E5C /* SearchViewController.storyboard in Resources */,
				E062ECAC24C39971003EBAC3 /* Main.storyboard in Resources */,
			);
			runOnlyForDeploymentPostprocessing = 0;
		};
/* End PBXResourcesBuildPhase section */

/* Begin PBXShellScriptBuildPhase section */
		48F66AD66390C12077C3A0E2 /* [CP] Embed Pods Frameworks */ = {
			isa = PBXShellScriptBuildPhase;
			buildActionMask = 2147483647;
			files = (
			);
			inputFileListPaths = (
				"${PODS_ROOT}/Target Support Files/Pods-iMusic/Pods-iMusic-frameworks-${CONFIGURATION}-input-files.xcfilelist",
			);
			name = "[CP] Embed Pods Frameworks";
			outputFileListPaths = (
				"${PODS_ROOT}/Target Support Files/Pods-iMusic/Pods-iMusic-frameworks-${CONFIGURATION}-output-files.xcfilelist",
			);
			runOnlyForDeploymentPostprocessing = 0;
			shellPath = /bin/sh;
			shellScript = "\"${PODS_ROOT}/Target Support Files/Pods-iMusic/Pods-iMusic-frameworks.sh\"\n";
			showEnvVarsInLog = 0;
		};
		9522B4983C8F49655820CB37 /* [CP] Check Pods Manifest.lock */ = {
			isa = PBXShellScriptBuildPhase;
			buildActionMask = 2147483647;
			files = (
			);
			inputFileListPaths = (
			);
			inputPaths = (
				"${PODS_PODFILE_DIR_PATH}/Podfile.lock",
				"${PODS_ROOT}/Manifest.lock",
			);
			name = "[CP] Check Pods Manifest.lock";
			outputFileListPaths = (
			);
			outputPaths = (
				"$(DERIVED_FILE_DIR)/Pods-iMusic-checkManifestLockResult.txt",
			);
			runOnlyForDeploymentPostprocessing = 0;
			shellPath = /bin/sh;
			shellScript = "diff \"${PODS_PODFILE_DIR_PATH}/Podfile.lock\" \"${PODS_ROOT}/Manifest.lock\" > /dev/null\nif [ $? != 0 ] ; then\n    # print error to STDERR\n    echo \"error: The sandbox is not in sync with the Podfile.lock. Run 'pod install' or update your CocoaPods installation.\" >&2\n    exit 1\nfi\n# This output is used by Xcode 'outputs' to avoid re-running this script phase.\necho \"SUCCESS\" > \"${SCRIPT_OUTPUT_FILE_0}\"\n";
			showEnvVarsInLog = 0;
		};
/* End PBXShellScriptBuildPhase section */

/* Begin PBXSourcesBuildPhase section */
		E062EC9D24C39971003EBAC3 /* Sources */ = {
			isa = PBXSourcesBuildPhase;
			buildActionMask = 2147483647;
			files = (
				E062ECBB24C39C1F003EBAC3 /* SearchMusicViewController.swift in Sources */,
				E092C34824C7A59A003E5E5C /* UIViewController + Storyboard.swift in Sources */,
				E062ECA924C39971003EBAC3 /* ViewController.swift in Sources */,
				E002FA1824C647C400C7D8C9 /* SearchResponse.swift in Sources */,
				E092C34324C7A121003E5E5C /* SearchInteractor.swift in Sources */,
				E092C34E24CE3278003E5E5C /* TrackCell.swift in Sources */,
				E062ECA524C39971003EBAC3 /* AppDelegate.swift in Sources */,
				E062ECB924C39A1D003EBAC3 /* MainTabBarController.swift in Sources */,
				E092C33F24C7A121003E5E5C /* SearchWorker.swift in Sources */,
				E092C34224C7A121003E5E5C /* SearchViewController.swift in Sources */,
				E092C34024C7A121003E5E5C /* SearchRouter.swift in Sources */,
				E092C34124C7A121003E5E5C /* SearchModels.swift in Sources */,
				E062ECA724C39971003EBAC3 /* SceneDelegate.swift in Sources */,
				E092C33E24C7A121003E5E5C /* SearchPresenter.swift in Sources */,
				E002FA1A24C6543D00C7D8C9 /* NetworkService.swift in Sources */,
			);
			runOnlyForDeploymentPostprocessing = 0;
		};
/* End PBXSourcesBuildPhase section */

/* Begin PBXVariantGroup section */
		E062ECAA24C39971003EBAC3 /* Main.storyboard */ = {
			isa = PBXVariantGroup;
			children = (
				E062ECAB24C39971003EBAC3 /* Base */,
			);
			name = Main.storyboard;
			sourceTree = "<group>";
		};
		E062ECAF24C39973003EBAC3 /* LaunchScreen.storyboard */ = {
			isa = PBXVariantGroup;
			children = (
				E062ECB024C39973003EBAC3 /* Base */,
			);
			name = LaunchScreen.storyboard;
			sourceTree = "<group>";
		};
/* End PBXVariantGroup section */

/* Begin XCBuildConfiguration section */
		E062ECB324C39973003EBAC3 /* Debug */ = {
			isa = XCBuildConfiguration;
			buildSettings = {
				ALWAYS_SEARCH_USER_PATHS = NO;
				CLANG_ANALYZER_NONNULL = YES;
				CLANG_ANALYZER_NUMBER_OBJECT_CONVERSION = YES_AGGRESSIVE;
				CLANG_CXX_LANGUAGE_STANDARD = "gnu++14";
				CLANG_CXX_LIBRARY = "libc++";
				CLANG_ENABLE_MODULES = YES;
				CLANG_ENABLE_OBJC_ARC = YES;
				CLANG_ENABLE_OBJC_WEAK = YES;
				CLANG_WARN_BLOCK_CAPTURE_AUTORELEASING = YES;
				CLANG_WARN_BOOL_CONVERSION = YES;
				CLANG_WARN_COMMA = YES;
				CLANG_WARN_CONSTANT_CONVERSION = YES;
				CLANG_WARN_DEPRECATED_OBJC_IMPLEMENTATIONS = YES;
				CLANG_WARN_DIRECT_OBJC_ISA_USAGE = YES_ERROR;
				CLANG_WARN_DOCUMENTATION_COMMENTS = YES;
				CLANG_WARN_EMPTY_BODY = YES;
				CLANG_WARN_ENUM_CONVERSION = YES;
				CLANG_WARN_INFINITE_RECURSION = YES;
				CLANG_WARN_INT_CONVERSION = YES;
				CLANG_WARN_NON_LITERAL_NULL_CONVERSION = YES;
				CLANG_WARN_OBJC_IMPLICIT_RETAIN_SELF = YES;
				CLANG_WARN_OBJC_LITERAL_CONVERSION = YES;
				CLANG_WARN_OBJC_ROOT_CLASS = YES_ERROR;
				CLANG_WARN_RANGE_LOOP_ANALYSIS = YES;
				CLANG_WARN_STRICT_PROTOTYPES = YES;
				CLANG_WARN_SUSPICIOUS_MOVE = YES;
				CLANG_WARN_UNGUARDED_AVAILABILITY = YES_AGGRESSIVE;
				CLANG_WARN_UNREACHABLE_CODE = YES;
				CLANG_WARN__DUPLICATE_METHOD_MATCH = YES;
				COPY_PHASE_STRIP = NO;
				DEBUG_INFORMATION_FORMAT = dwarf;
				ENABLE_STRICT_OBJC_MSGSEND = YES;
				ENABLE_TESTABILITY = YES;
				GCC_C_LANGUAGE_STANDARD = gnu11;
				GCC_DYNAMIC_NO_PIC = NO;
				GCC_NO_COMMON_BLOCKS = YES;
				GCC_OPTIMIZATION_LEVEL = 0;
				GCC_PREPROCESSOR_DEFINITIONS = (
					"DEBUG=1",
					"$(inherited)",
				);
				GCC_WARN_64_TO_32_BIT_CONVERSION = YES;
				GCC_WARN_ABOUT_RETURN_TYPE = YES_ERROR;
				GCC_WARN_UNDECLARED_SELECTOR = YES;
				GCC_WARN_UNINITIALIZED_AUTOS = YES_AGGRESSIVE;
				GCC_WARN_UNUSED_FUNCTION = YES;
				GCC_WARN_UNUSED_VARIABLE = YES;
				IPHONEOS_DEPLOYMENT_TARGET = 13.5;
				MTL_ENABLE_DEBUG_INFO = INCLUDE_SOURCE;
				MTL_FAST_MATH = YES;
				ONLY_ACTIVE_ARCH = YES;
				SDKROOT = iphoneos;
				SWIFT_ACTIVE_COMPILATION_CONDITIONS = DEBUG;
				SWIFT_OPTIMIZATION_LEVEL = "-Onone";
			};
			name = Debug;
		};
		E062ECB424C39973003EBAC3 /* Release */ = {
			isa = XCBuildConfiguration;
			buildSettings = {
				ALWAYS_SEARCH_USER_PATHS = NO;
				CLANG_ANALYZER_NONNULL = YES;
				CLANG_ANALYZER_NUMBER_OBJECT_CONVERSION = YES_AGGRESSIVE;
				CLANG_CXX_LANGUAGE_STANDARD = "gnu++14";
				CLANG_CXX_LIBRARY = "libc++";
				CLANG_ENABLE_MODULES = YES;
				CLANG_ENABLE_OBJC_ARC = YES;
				CLANG_ENABLE_OBJC_WEAK = YES;
				CLANG_WARN_BLOCK_CAPTURE_AUTORELEASING = YES;
				CLANG_WARN_BOOL_CONVERSION = YES;
				CLANG_WARN_COMMA = YES;
				CLANG_WARN_CONSTANT_CONVERSION = YES;
				CLANG_WARN_DEPRECATED_OBJC_IMPLEMENTATIONS = YES;
				CLANG_WARN_DIRECT_OBJC_ISA_USAGE = YES_ERROR;
				CLANG_WARN_DOCUMENTATION_COMMENTS = YES;
				CLANG_WARN_EMPTY_BODY = YES;
				CLANG_WARN_ENUM_CONVERSION = YES;
				CLANG_WARN_INFINITE_RECURSION = YES;
				CLANG_WARN_INT_CONVERSION = YES;
				CLANG_WARN_NON_LITERAL_NULL_CONVERSION = YES;
				CLANG_WARN_OBJC_IMPLICIT_RETAIN_SELF = YES;
				CLANG_WARN_OBJC_LITERAL_CONVERSION = YES;
				CLANG_WARN_OBJC_ROOT_CLASS = YES_ERROR;
				CLANG_WARN_RANGE_LOOP_ANALYSIS = YES;
				CLANG_WARN_STRICT_PROTOTYPES = YES;
				CLANG_WARN_SUSPICIOUS_MOVE = YES;
				CLANG_WARN_UNGUARDED_AVAILABILITY = YES_AGGRESSIVE;
				CLANG_WARN_UNREACHABLE_CODE = YES;
				CLANG_WARN__DUPLICATE_METHOD_MATCH = YES;
				COPY_PHASE_STRIP = NO;
				DEBUG_INFORMATION_FORMAT = "dwarf-with-dsym";
				ENABLE_NS_ASSERTIONS = NO;
				ENABLE_STRICT_OBJC_MSGSEND = YES;
				GCC_C_LANGUAGE_STANDARD = gnu11;
				GCC_NO_COMMON_BLOCKS = YES;
				GCC_WARN_64_TO_32_BIT_CONVERSION = YES;
				GCC_WARN_ABOUT_RETURN_TYPE = YES_ERROR;
				GCC_WARN_UNDECLARED_SELECTOR = YES;
				GCC_WARN_UNINITIALIZED_AUTOS = YES_AGGRESSIVE;
				GCC_WARN_UNUSED_FUNCTION = YES;
				GCC_WARN_UNUSED_VARIABLE = YES;
				IPHONEOS_DEPLOYMENT_TARGET = 13.5;
				MTL_ENABLE_DEBUG_INFO = NO;
				MTL_FAST_MATH = YES;
				SDKROOT = iphoneos;
				SWIFT_COMPILATION_MODE = wholemodule;
				SWIFT_OPTIMIZATION_LEVEL = "-O";
				VALIDATE_PRODUCT = YES;
			};
			name = Release;
		};
		E062ECB624C39973003EBAC3 /* Debug */ = {
			isa = XCBuildConfiguration;
			baseConfigurationReference = 23A06118634161ADDCF60FA8 /* Pods-iMusic.debug.xcconfig */;
			buildSettings = {
				ASSETCATALOG_COMPILER_APPICON_NAME = AppIcon;
				CODE_SIGN_STYLE = Automatic;
				DEVELOPMENT_TEAM = KSQTHQN2B7;
				INFOPLIST_FILE = iMusic/Info.plist;
				LD_RUNPATH_SEARCH_PATHS = (
					"$(inherited)",
					"@executable_path/Frameworks",
				);
				PRODUCT_BUNDLE_IDENTIFIER = com.stepanet.iMusic;
				PRODUCT_NAME = "$(TARGET_NAME)";
				SWIFT_VERSION = 5.0;
				TARGETED_DEVICE_FAMILY = "1,2";
			};
			name = Debug;
		};
		E062ECB724C39973003EBAC3 /* Release */ = {
			isa = XCBuildConfiguration;
			baseConfigurationReference = CB1027FFB54924B576AFF04F /* Pods-iMusic.release.xcconfig */;
			buildSettings = {
				ASSETCATALOG_COMPILER_APPICON_NAME = AppIcon;
				CODE_SIGN_STYLE = Automatic;
				DEVELOPMENT_TEAM = KSQTHQN2B7;
				INFOPLIST_FILE = iMusic/Info.plist;
				LD_RUNPATH_SEARCH_PATHS = (
					"$(inherited)",
					"@executable_path/Frameworks",
				);
				PRODUCT_BUNDLE_IDENTIFIER = com.stepanet.iMusic;
				PRODUCT_NAME = "$(TARGET_NAME)";
				SWIFT_VERSION = 5.0;
				TARGETED_DEVICE_FAMILY = "1,2";
			};
			name = Release;
		};
/* End XCBuildConfiguration section */

/* Begin XCConfigurationList section */
		E062EC9C24C39971003EBAC3 /* Build configuration list for PBXProject "iMusic" */ = {
			isa = XCConfigurationList;
			buildConfigurations = (
				E062ECB324C39973003EBAC3 /* Debug */,
				E062ECB424C39973003EBAC3 /* Release */,
			);
			defaultConfigurationIsVisible = 0;
			defaultConfigurationName = Release;
		};
		E062ECB524C39973003EBAC3 /* Build configuration list for PBXNativeTarget "iMusic" */ = {
			isa = XCConfigurationList;
			buildConfigurations = (
				E062ECB624C39973003EBAC3 /* Debug */,
				E062ECB724C39973003EBAC3 /* Release */,
			);
			defaultConfigurationIsVisible = 0;
			defaultConfigurationName = Release;
		};
/* End XCConfigurationList section */
	};
	rootObject = E062EC9924C39971003EBAC3 /* Project object */;
}
